{
  "version": 2,
  "dependencies": {
    "net10.0": {
      "ArcForges.Contracts.PublicApi": {
        "type": "Direct",
        "requested": "[1.0.0-ci.295.1, )",
        "resolved": "1.0.0-ci.295.1",
        "contentHash": "eZq5YB+C4ikzP4L/PfqNR9EpgqUIzjFq2WtbGg/e0TWncPm4FUDpdXt7S5lrfyxrGmR1sIWB4STgaL/J5k/9eg==",
        "dependencies": {
          "ArcForges.Contracts.Foundation": "1.0.0-ci.295.1",
          "Google.Protobuf": "3.36.1",
          "Grpc.Core.Api": "2.84.0"
        }
      },
      "ArcForges.Contracts.Foundation": {
        "type": "Transitive",
        "resolved": "1.0.0-ci.295.1",
        "contentHash": "LDxE7KIGqQx+AFORcdPfn1MqzzBrEtNWr3BogNud1oU7rOfflW3dGJgsahrn33hKYne3CrQIHPTT3b7SJQVhRg==",
        "dependencies": {
          "Google.Protobuf": "3.36.1"
        }
      },
      "Google.Protobuf": {
        "type": "CentralTransitive",
        "requested": "[3.36.1, )",
        "resolved": "3.36.1",
        "contentHash": "77AqPEoaY1ODE+syYBHti0jXiwQq0J/fUr/fRyYhNlc9oKtH5dZZEr/OLKtdKNVG83PRnCYB2r8B80ZrObzOGQ=="
      },
      "Grpc.Core.Api": {
        "type": "CentralTransitive",
        "requested": "[2.84.0, )",
        "resolved": "2.84.0",
        "contentHash": "p2SOMl6q/GZ4/5MLkgboC/z55g4zKUEruRn/g46QgppjQBVnsLZVBU/9VO7n60ll38G3Eo8Zu9b7x+W01GKFVg=="
      }
    }
  }
}